// !$*UTF8*$!
{
	archiveVersion = 1;
	classes = {
	};
	objectVersion = 50;
	objects = {

/* Begin PBXBuildFile section */
		2939ABDE233B2F3A00A6DDAD /* AppDelegate.swift in Sources */ = {isa = PBXBuildFile; fileRef = 2939ABDD233B2F3A00A6DDAD /* AppDelegate.swift */; };
		2939ABE0233B2F3A00A6DDAD /* SceneDelegate.swift in Sources */ = {isa = PBXBuildFile; fileRef = 2939ABDF233B2F3A00A6DDAD /* SceneDelegate.swift */; };
		2939ABE3233B2F3A00A6DDAD /* InstagramHomeLayoutSwiftUI.xcdatamodeld in Sources */ = {isa = PBXBuildFile; fileRef = 2939ABE1233B2F3A00A6DDAD /* InstagramHomeLayoutSwiftUI.xcdatamodeld */; };
		2939ABE5233B2F3A00A6DDAD /* ContentView.swift in Sources */ = {isa = PBXBuildFile; fileRef = 2939ABE4233B2F3A00A6DDAD /* ContentView.swift */; };
		2939ABE7233B2F3B00A6DDAD /* Assets.xcassets in Resources */ = {isa = PBXBuildFile; fileRef = 2939ABE6233B2F3B00A6DDAD /* Assets.xcassets */; };
		2939ABEA233B2F3B00A6DDAD /* Preview Assets.xcassets in Resources */ = {isa = PBXBuildFile; fileRef = 2939ABE9233B2F3B00A6DDAD /* Preview Assets.xcassets */; };
		2939ABED233B2F3B00A6DDAD /* LaunchScreen.storyboard in Resources */ = {isa = PBXBuildFile; fileRef = 2939ABEB233B2F3B00A6DDAD /* LaunchScreen.storyboard */; };
		2939ABF8233B2F3B00A6DDAD /* InstagramHomeLayoutSwiftUITests.swift in Sources */ = {isa = PBXBuildFile; fileRef = 2939ABF7233B2F3B00A6DDAD /* InstagramHomeLayoutSwiftUITests.swift */; };
/* End PBXBuildFile section */

/* Begin PBXContainerItemProxy section */
		2939ABF4233B2F3B00A6DDAD /* PBXContainerItemProxy */ = {
			isa = PBXContainerItemProxy;
			containerPortal = 2939ABD2233B2F3A00A6DDAD /* Project object */;
			proxyType = 1;
			remoteGlobalIDString = 2939ABD9233B2F3A00A6DDAD;
			remoteInfo = InstagramHomeLayoutSwiftUI;
		};
/* End PBXContainerItemProxy section */

/* Begin PBXFileReference section */
		2939ABDA233B2F3A00A6DDAD /* InstagramHomeLayoutSwiftUI.app */ = {isa = PBXFileReference; explicitFileType = wrapper.application; includeInIndex = 0; path = InstagramHomeLayoutSwiftUI.app; sourceTree = BUILT_PRODUCTS_DIR; };
		2939ABDD233B2F3A00A6DDAD /* AppDelegate.swift */ = {isa = PBXFileReference; lastKnownFileType = sourcecode.swift; path = AppDelegate.swift; sourceTree = "<group>"; };
		2939ABDF233B2F3A00A6DDAD /* SceneDelegate.swift */ = {isa = PBXFileReference; lastKnownFileType = sourcecode.swift; path = SceneDelegate.swift; sourceTree = "<group>"; };
		2939ABE2233B2F3A00A6DDAD /* InstagramHomeLayoutSwiftUI.xcdatamodel */ = {isa = PBXFileReference; lastKnownFileType = wrapper.xcdatamodel; path = InstagramHomeLayoutSwiftUI.xcdatamodel; sourceTree = "<group>"; };
		2939ABE4233B2F3A00A6DDAD /* ContentView.swift */ = {isa = PBXFileReference; lastKnownFileType = sourcecode.swift; path = ContentView.swift; sourceTree = "<group>"; };
		2939ABE6233B2F3B00A6DDAD /* Assets.xcassets */ = {isa = PBXFileReference; lastKnownFileType = folder.assetcatalog; path = Assets.xcassets; sourceTree = "<group>"; };
		2939ABE9233B2F3B00A6DDAD /* Preview Assets.xcassets */ = {isa = PBXFileReference; lastKnownFileType = folder.assetcatalog; path = "Preview Assets.xcassets"; sourceTree = "<group>"; };
		2939ABEC233B2F3B00A6DDAD /* Base */ = {isa = PBXFileReference; lastKnownFileType = file.storyboard; name = Base; path = Base.lproj/LaunchScreen.storyboard; sourceTree = "<group>"; };
		2939ABEE233B2F3B00A6DDAD /* Info.plist */ = {isa = PBXFileReference; lastKnownFileType = text.plist.xml; path = Info.plist; sourceTree = "<group>"; };
		2939ABF3233B2F3B00A6DDAD /* InstagramHomeLayoutSwiftUITests.xctest */ = {isa = PBXFileReference; explicitFileType = wrapper.cfbundle; includeInIndex = 0; path = InstagramHomeLayoutSwiftUITests.xctest; sourceTree = BUILT_PRODUCTS_DIR; };
		2939ABF7233B2F3B00A6DDAD /* InstagramHomeLayoutSwiftUITests.swift */ = {isa = PBXFileReference; lastKnownFileType = sourcecode.swift; path = InstagramHomeLayoutSwiftUITests.swift; sourceTree = "<group>"; };
		2939ABF9233B2F3B00A6DDAD /* Info.plist */ = {isa = PBXFileReference; lastKnownFileType = text.plist.xml; path = Info.plist; sourceTree = "<group>"; };
/* End PBXFileReference section */

/* Begin PBXFrameworksBuildPhase section */
		2939ABD7233B2F3A00A6DDAD /* Frameworks */ = {
			isa = PBXFrameworksBuildPhase;
			buildActionMask = 2147483647;
			files = (
			);
			runOnlyForDeploymentPostprocessing = 0;
		};
		2939ABF0233B2F3B00A6DDAD /* Frameworks */ = {
			isa = PBXFrameworksBuildPhase;
			buildActionMask = 2147483647;
			files = (
			);
			runOnlyForDeploymentPostprocessing = 0;
		};
/* End PBXFrameworksBuildPhase section */

/* Begin PBXGroup section */
		2939ABD1233B2F3A00A6DDAD = {
			isa = PBXGroup;
			children = (
				2939ABDC233B2F3A00A6DDAD /* InstagramHomeLayoutSwiftUI */,
				2939ABF6233B2F3B00A6DDAD /* InstagramHomeLayoutSwiftUITests */,
				2939ABDB233B2F3A00A6DDAD /* Products */,
			);
			sourceTree = "<group>";
		};
		2939ABDB233B2F3A00A6DDAD /* Products */ = {
			isa = PBXGroup;
			children = (
				2939ABDA233B2F3A00A6DDAD /* InstagramHomeLayoutSwiftUI.app */,
				2939ABF3233B2F3B00A6DDAD /* InstagramHomeLayoutSwiftUITests.xctest */,
			);
			name = Products;
			sourceTree = "<group>";
		};
		2939ABDC233B2F3A00A6DDAD /* InstagramHomeLayoutSwiftUI */ = {
			isa = PBXGroup;
			children = (
				2939ABDD233B2F3A00A6DDAD /* AppDelegate.swift */,
				2939ABDF233B2F3A00A6DDAD /* SceneDelegate.swift */,
				2939ABE4233B2F3A00A6DDAD /* ContentView.swift */,
				2939ABE6233B2F3B00A6DDAD /* Assets.xcassets */,
				2939ABEB233B2F3B00A6DDAD /* LaunchScreen.storyboard */,
				2939ABEE233B2F3B00A6DDAD /* Info.plist */,
				2939ABE1233B2F3A00A6DDAD /* InstagramHomeLayoutSwiftUI.xcdatamodeld */,
				2939ABE8233B2F3B00A6DDAD /* Preview Content */,
			);
			path = InstagramHomeLayoutSwiftUI;
			sourceTree = "<group>";
		};
		2939ABE8233B2F3B00A6DDAD /* Preview Content */ = {
			isa = PBXGroup;
			children = (
				2939ABE9233B2F3B00A6DDAD /* Preview Assets.xcassets */,
			);
			path = "Preview Content";
			sourceTree = "<group>";
		};
		2939ABF6233B2F3B00A6DDAD /* InstagramHomeLayoutSwiftUITests */ = {
			isa = PBXGroup;
			children = (
				2939ABF7233B2F3B00A6DDAD /* InstagramHomeLayoutSwiftUITests.swift */,
				2939ABF9233B2F3B00A6DDAD /* Info.plist */,
			);
			path = InstagramHomeLayoutSwiftUITests;
			sourceTree = "<group>";
		};
/* End PBXGroup section */

/* Begin PBXNativeTarget section */
		2939ABD9233B2F3A00A6DDAD /* InstagramHomeLayoutSwiftUI */ = {
			isa = PBXNativeTarget;
			buildConfigurationList = 2939ABFC233B2F3B00A6DDAD /* Build configuration list for PBXNativeTarget "InstagramHomeLayoutSwiftUI" */;
			buildPhases = (
				2939ABD6233B2F3A00A6DDAD /* Sources */,
				2939ABD7233B2F3A00A6DDAD /* Frameworks */,
				2939ABD8233B2F3A00A6DDAD /* Resources */,
			);
			buildRules = (
			);
			dependencies = (
			);
			name = InstagramHomeLayoutSwiftUI;
			productName = InstagramHomeLayoutSwiftUI;
			productReference = 2939ABDA233B2F3A00A6DDAD /* InstagramHomeLayoutSwiftUI.app */;
			productType = "com.apple.product-type.application";
		};
		2939ABF2233B2F3B00A6DDAD /* InstagramHomeLayoutSwiftUITests */ = {
			isa = PBXNativeTarget;
			buildConfigurationList = 2939ABFF233B2F3B00A6DDAD /* Build configuration list for PBXNativeTarget "InstagramHomeLayoutSwiftUITests" */;
			buildPhases = (
				2939ABEF233B2F3B00A6DDAD /* Sources */,
				2939ABF0233B2F3B00A6DDAD /* Frameworks */,
				2939ABF1233B2F3B00A6DDAD /* Resources */,
			);
			buildRules = (
			);
			dependencies = (
				2939ABF5233B2F3B00A6DDAD /* PBXTargetDependency */,
			);
			name = InstagramHomeLayoutSwiftUITests;
			productName = InstagramHomeLayoutSwiftUITests;
			productReference = 2939ABF3233B2F3B00A6DDAD /* InstagramHomeLayoutSwiftUITests.xctest */;
			productType = "com.apple.product-type.bundle.unit-test";
		};
/* End PBXNativeTarget section */

/* Begin PBXProject section */
		2939ABD2233B2F3A00A6DDAD /* Project object */ = {
			isa = PBXProject;
			attributes = {
				LastSwiftUpdateCheck = 1100;
				LastUpgradeCheck = 1100;
				ORGANIZATIONNAME = "BCC FILKOM";
				TargetAttributes = {
					2939ABD9233B2F3A00A6DDAD = {
						CreatedOnToolsVersion = 11.0;
					};
					2939ABF2233B2F3B00A6DDAD = {
						CreatedOnToolsVersion = 11.0;
						TestTargetID = 2939ABD9233B2F3A00A6DDAD;
					};
				};
			};
			buildConfigurationList = 2939ABD5233B2F3A00A6DDAD /* Build configuration list for PBXProject "InstagramHomeLayoutSwiftUI" */;
			compatibilityVersion = "Xcode 9.3";
			developmentRegion = en;
			hasScannedForEncodings = 0;
			knownRegions = (
				en,
				Base,
			);
			mainGroup = 2939ABD1233B2F3A00A6DDAD;
			productRefGroup = 2939ABDB233B2F3A00A6DDAD /* Products */;
			projectDirPath = "";
			projectRoot = "";
			targets = (
				2939ABD9233B2F3A00A6DDAD /* InstagramHomeLayoutSwiftUI */,
				2939ABF2233B2F3B00A6DDAD /* InstagramHomeLayoutSwiftUITests */,
			);
		};
/* End PBXProject section */

/* Begin PBXResourcesBuildPhase section */
		2939ABD8233B2F3A00A6DDAD /* Resources */ = {
			isa = PBXResourcesBuildPhase;
			buildActionMask = 2147483647;
			files = (
				2939ABED233B2F3B00A6DDAD /* LaunchScreen.storyboard in Resources */,
				2939ABEA233B2F3B00A6DDAD /* Preview Assets.xcassets in Resources */,
				2939ABE7233B2F3B00A6DDAD /* Assets.xcassets in Resources */,
			);
			runOnlyForDeploymentPostprocessing = 0;
		};
		2939ABF1233B2F3B00A6DDAD /* Resources */ = {
			isa = PBXResourcesBuildPhase;
			buildActionMask = 2147483647;
			files = (
			);
			runOnlyForDeploymentPostprocessing = 0;
		};
/* End PBXResourcesBuildPhase section */

/* Begin PBXSourcesBuildPhase section */
		2939ABD6233B2F3A00A6DDAD /* Sources */ = {
			isa = PBXSourcesBuildPhase;
			buildActionMask = 2147483647;
			files = (
				2939ABDE233B2F3A00A6DDAD /* AppDelegate.swift in Sources */,
				2939ABE3233B2F3A00A6DDAD /* InstagramHomeLayoutSwiftUI.xcdatamodeld in Sources */,
				2939ABE5233B2F3A00A6DDAD /* ContentView.swift in Sources */,
				2939ABE0233B2F3A00A6DDAD /* SceneDelegate.swift in Sources */,
			);
			runOnlyForDeploymentPostprocessing = 0;
		};
		2939ABEF233B2F3B00A6DDAD /* Sources */ = {
			isa = PBXSourcesBuildPhase;
			buildActionMask = 2147483647;
			files = (
				2939ABF8233B2F3B00A6DDAD /* InstagramHomeLayoutSwiftUITests.swift in Sources */,
			);
			runOnlyForDeploymentPostprocessing = 0;
		};
/* End PBXSourcesBuildPhase section */

/* Begin PBXTargetDependency section */
		2939ABF5233B2F3B00A6DDAD /* PBXTargetDependency */ = {
			isa = PBXTargetDependency;
			target = 2939ABD9233B2F3A00A6DDAD /* InstagramHomeLayoutSwiftUI */;
			targetProxy = 2939ABF4233B2F3B00A6DDAD /* PBXContainerItemProxy */;
		};
/* End PBXTargetDependency section */

/* Begin PBXVariantGroup section */
		2939ABEB233B2F3B00A6DDAD /* LaunchScreen.storyboard */ = {
			isa = PBXVariantGroup;
			children = (
				2939ABEC233B2F3B00A6DDAD /* Base */,
			);
			name = LaunchScreen.storyboard;
			sourceTree = "<group>";
		};
/* End PBXVariantGroup section */

/* Begin XCBuildConfiguration section */
		2939ABFA233B2F3B00A6DDAD /* Debug */ = {
			isa = XCBuildConfiguration;
			buildSettings = {
				ALWAYS_SEARCH_USER_PATHS = NO;
				CLANG_ANALYZER_NONNULL = YES;
				CLANG_ANALYZER_NUMBER_OBJECT_CONVERSION = YES_AGGRESSIVE;
				CLANG_CXX_LANGUAGE_STANDARD = "gnu++14";
				CLANG_CXX_LIBRARY = "libc++";
				CLANG_ENABLE_MODULES = YES;
				CLANG_ENABLE_OBJC_ARC = YES;
				CLANG_ENABLE_OBJC_WEAK = YES;
				CLANG_WARN_BLOCK_CAPTURE_AUTORELEASING = YES;
				CLANG_WARN_BOOL_CONVERSION = YES;
				CLANG_WARN_COMMA = YES;
				CLANG_WARN_CONSTANT_CONVERSION = YES;
				CLANG_WARN_DEPRECATED_OBJC_IMPLEMENTATIONS = YES;
				CLANG_WARN_DIRECT_OBJC_ISA_USAGE = YES_ERROR;
				CLANG_WARN_DOCUMENTATION_COMMENTS = YES;
				CLANG_WARN_EMPTY_BODY = YES;
				CLANG_WARN_ENUM_CONVERSION = YES;
				CLANG_WARN_INFINITE_RECURSION = YES;
				CLANG_WARN_INT_CONVERSION = YES;
				CLANG_WARN_NON_LITERAL_NULL_CONVERSION = YES;
				CLANG_WARN_OBJC_IMPLICIT_RETAIN_SELF = YES;
				CLANG_WARN_OBJC_LITERAL_CONVERSION = YES;
				CLANG_WARN_OBJC_ROOT_CLASS = YES_ERROR;
				CLANG_WARN_RANGE_LOOP_ANALYSIS = YES;
				CLANG_WARN_STRICT_PROTOTYPES = YES;
				CLANG_WARN_SUSPICIOUS_MOVE = YES;
				CLANG_WARN_UNGUARDED_AVAILABILITY = YES_AGGRESSIVE;
				CLANG_WARN_UNREACHABLE_CODE = YES;
				CLANG_WARN__DUPLICATE_METHOD_MATCH = YES;
				COPY_PHASE_STRIP = NO;
				DEBUG_INFORMATION_FORMAT = dwarf;
				ENABLE_STRICT_OBJC_MSGSEND = YES;
				ENABLE_TESTABILITY = YES;
				GCC_C_LANGUAGE_STANDARD = gnu11;
				GCC_DYNAMIC_NO_PIC = NO;
				GCC_NO_COMMON_BLOCKS = YES;
				GCC_OPTIMIZATION_LEVEL = 0;
				GCC_PREPROCESSOR_DEFINITIONS = (
					"DEBUG=1",
					"$(inherited)",
				);
				GCC_WARN_64_TO_32_BIT_CONVERSION = YES;
				GCC_WARN_ABOUT_RETURN_TYPE = YES_ERROR;
				GCC_WARN_UNDECLARED_SELECTOR = YES;
				GCC_WARN_UNINITIALIZED_AUTOS = YES_AGGRESSIVE;
				GCC_WARN_UNUSED_FUNCTION = YES;
				GCC_WARN_UNUSED_VARIABLE = YES;
				IPHONEOS_DEPLOYMENT_TARGET = 13.0;
				MTL_ENABLE_DEBUG_INFO = INCLUDE_SOURCE;
				MTL_FAST_MATH = YES;
				ONLY_ACTIVE_ARCH = YES;
				SDKROOT = iphoneos;
				SWIFT_ACTIVE_COMPILATION_CONDITIONS = DEBUG;
				SWIFT_OPTIMIZATION_LEVEL = "-Onone";
			};
			name = Debug;
		};
		2939ABFB233B2F3B00A6DDAD /* Release */ = {
			isa = XCBuildConfiguration;
			buildSettings = {
				ALWAYS_SEARCH_USER_PATHS = NO;
				CLANG_ANALYZER_NONNULL = YES;
				CLANG_ANALYZER_NUMBER_OBJECT_CONVERSION = YES_AGGRESSIVE;
				CLANG_CXX_LANGUAGE_STANDARD = "gnu++14";
				CLANG_CXX_LIBRARY = "libc++";
				CLANG_ENABLE_MODULES = YES;
				CLANG_ENABLE_OBJC_ARC = YES;
				CLANG_ENABLE_OBJC_WEAK = YES;
				CLANG_WARN_BLOCK_CAPTURE_AUTORELEASING = YES;
				CLANG_WARN_BOOL_CONVERSION = YES;
				CLANG_WARN_COMMA = YES;
				CLANG_WARN_CONSTANT_CONVERSION = YES;
				CLANG_WARN_DEPRECATED_OBJC_IMPLEMENTATIONS = YES;
				CLANG_WARN_DIRECT_OBJC_ISA_USAGE = YES_ERROR;
				CLANG_WARN_DOCUMENTATION_COMMENTS = YES;
				CLANG_WARN_EMPTY_BODY = YES;
				CLANG_WARN_ENUM_CONVERSION = YES;
				CLANG_WARN_INFINITE_RECURSION = YES;
				CLANG_WARN_INT_CONVERSION = YES;
				CLANG_WARN_NON_LITERAL_NULL_CONVERSION = YES;
				CLANG_WARN_OBJC_IMPLICIT_RETAIN_SELF = YES;
				CLANG_WARN_OBJC_LITERAL_CONVERSION = YES;
				CLANG_WARN_OBJC_ROOT_CLASS = YES_ERROR;
				CLANG_WARN_RANGE_LOOP_ANALYSIS = YES;
				CLANG_WARN_STRICT_PROTOTYPES = YES;
				CLANG_WARN_SUSPICIOUS_MOVE = YES;
				CLANG_WARN_UNGUARDED_AVAILABILITY = YES_AGGRESSIVE;
				CLANG_WARN_UNREACHABLE_CODE = YES;
				CLANG_WARN__DUPLICATE_METHOD_MATCH = YES;
				COPY_PHASE_STRIP = NO;
				DEBUG_INFORMATION_FORMAT = "dwarf-with-dsym";
				ENABLE_NS_ASSERTIONS = NO;
				ENABLE_STRICT_OBJC_MSGSEND = YES;
				GCC_C_LANGUAGE_STANDARD = gnu11;
				GCC_NO_COMMON_BLOCKS = YES;
				GCC_WARN_64_TO_32_BIT_CONVERSION = YES;
				GCC_WARN_ABOUT_RETURN_TYPE = YES_ERROR;
				GCC_WARN_UNDECLARED_SELECTOR = YES;
				GCC_WARN_UNINITIALIZED_AUTOS = YES_AGGRESSIVE;
				GCC_WARN_UNUSED_FUNCTION = YES;
				GCC_WARN_UNUSED_VARIABLE = YES;
				IPHONEOS_DEPLOYMENT_TARGET = 13.0;
				MTL_ENABLE_DEBUG_INFO = NO;
				MTL_FAST_MATH = YES;
				SDKROOT = iphoneos;
				SWIFT_COMPILATION_MODE = wholemodule;
				SWIFT_OPTIMIZATION_LEVEL = "-O";
				VALIDATE_PRODUCT = YES;
			};
			name = Release;
		};
		2939ABFD233B2F3B00A6DDAD /* Debug */ = {
			isa = XCBuildConfiguration;
			buildSettings = {
				ASSETCATALOG_COMPILER_APPICON_NAME = AppIcon;
				CODE_SIGN_STYLE = Automatic;
				DEVELOPMENT_ASSET_PATHS = "\"InstagramHomeLayoutSwiftUI/Preview Content\"";
				ENABLE_PREVIEWS = YES;
				INFOPLIST_FILE = InstagramHomeLayoutSwiftUI/Info.plist;
				LD_RUNPATH_SEARCH_PATHS = (
					"$(inherited)",
					"@executable_path/Frameworks",
				);
				PRODUCT_BUNDLE_IDENTIFIER = bccfilkom.InstagramHomeLayoutSwiftUI;
				PRODUCT_NAME = "$(TARGET_NAME)";
				SWIFT_VERSION = 5.0;
				TARGETED_DEVICE_FAMILY = "1,2";
			};
			name = Debug;
		};
		2939ABFE233B2F3B00A6DDAD /* Release */ = {
			isa = XCBuildConfiguration;
			buildSettings = {
				ASSETCATALOG_COMPILER_APPICON_NAME = AppIcon;
				CODE_SIGN_STYLE = Automatic;
				DEVELOPMENT_ASSET_PATHS = "\"InstagramHomeLayoutSwiftUI/Preview Content\"";
				ENABLE_PREVIEWS = YES;
				INFOPLIST_FILE = InstagramHomeLayoutSwiftUI/Info.plist;
				LD_RUNPATH_SEARCH_PATHS = (
					"$(inherited)",
					"@executable_path/Frameworks",
				);
				PRODUCT_BUNDLE_IDENTIFIER = bccfilkom.InstagramHomeLayoutSwiftUI;
				PRODUCT_NAME = "$(TARGET_NAME)";
				SWIFT_VERSION = 5.0;
				TARGETED_DEVICE_FAMILY = "1,2";
			};
			name = Release;
		};
		2939AC00233B2F3B00A6DDAD /* Debug */ = {
			isa = XCBuildConfiguration;
			buildSettings = {
				ALWAYS_EMBED_SWIFT_STANDARD_LIBRARIES = YES;
				BUNDLE_LOADER = "$(TEST_HOST)";
				CODE_SIGN_STYLE = Automatic;
				INFOPLIST_FILE = InstagramHomeLayoutSwiftUITests/Info.plist;
				IPHONEOS_DEPLOYMENT_TARGET = 13.0;
				LD_RUNPATH_SEARCH_PATHS = (
					"$(inherited)",
					"@executable_path/Frameworks",
					"@loader_path/Frameworks",
				);
				PRODUCT_BUNDLE_IDENTIFIER = bccfilkom.InstagramHomeLayoutSwiftUITests;
				PRODUCT_NAME = "$(TARGET_NAME)";
				SWIFT_VERSION = 5.0;
				TARGETED_DEVICE_FAMILY = "1,2";
				TEST_HOST = "$(BUILT_PRODUCTS_DIR)/InstagramHomeLayoutSwiftUI.app/InstagramHomeLayoutSwiftUI";
			};
			name = Debug;
		};
		2939AC01233B2F3B00A6DDAD /* Release */ = {
			isa = XCBuildConfiguration;
			buildSettings = {
				ALWAYS_EMBED_SWIFT_STANDARD_LIBRARIES = YES;
				BUNDLE_LOADER = "$(TEST_HOST)";
				CODE_SIGN_STYLE = Automatic;
				INFOPLIST_FILE = InstagramHomeLayoutSwiftUITests/Info.plist;
				IPHONEOS_DEPLOYMENT_TARGET = 13.0;
				LD_RUNPATH_SEARCH_PATHS = (
					"$(inherited)",
					"@executable_path/Frameworks",
					"@loader_path/Frameworks",
				);
				PRODUCT_BUNDLE_IDENTIFIER = bccfilkom.InstagramHomeLayoutSwiftUITests;
				PRODUCT_NAME = "$(TARGET_NAME)";
				SWIFT_VERSION = 5.0;
				TARGETED_DEVICE_FAMILY = "1,2";
				TEST_HOST = "$(BUILT_PRODUCTS_DIR)/InstagramHomeLayoutSwiftUI.app/InstagramHomeLayoutSwiftUI";
			};
			name = Release;
		};
/* End XCBuildConfiguration section */

/* Begin XCConfigurationList section */
		2939ABD5233B2F3A00A6DDAD /* Build configuration list for PBXProject "InstagramHomeLayoutSwiftUI" */ = {
			isa = XCConfigurationList;
			buildConfigurations = (
				2939ABFA233B2F3B00A6DDAD /* Debug */,
				2939ABFB233B2F3B00A6DDAD /* Release */,
			);
			defaultConfigurationIsVisible = 0;
			defaultConfigurationName = Release;
		};
		2939ABFC233B2F3B00A6DDAD /* Build configuration list for PBXNativeTarget "InstagramHomeLayoutSwiftUI" */ = {
			isa = XCConfigurationList;
			buildConfigurations = (
				2939ABFD233B2F3B00A6DDAD /* Debug */,
				2939ABFE233B2F3B00A6DDAD /* Release */,
			);
			defaultConfigurationIsVisible = 0;
			defaultConfigurationName = Release;
		};
		2939ABFF233B2F3B00A6DDAD /* Build configuration list for PBXNativeTarget "InstagramHomeLayoutSwiftUITests" */ = {
			isa = XCConfigurationList;
			buildConfigurations = (
				2939AC00233B2F3B00A6DDAD /* Debug */,
				2939AC01233B2F3B00A6DDAD /* Release */,
			);
			defaultConfigurationIsVisible = 0;
			defaultConfigurationName = Release;
		};
/* End XCConfigurationList section */

/* Begin XCVersionGroup section */
		2939ABE1233B2F3A00A6DDAD /* InstagramHomeLayoutSwiftUI.xcdatamodeld */ = {
			isa = XCVersionGroup;
			children = (
				2939ABE2233B2F3A00A6DDAD /* InstagramHomeLayoutSwiftUI.xcdatamodel */,
			);
			currentVersion = 2939ABE2233B2F3A00A6DDAD /* InstagramHomeLayoutSwiftUI.xcdatamodel */;
			path = InstagramHomeLayoutSwiftUI.xcdatamodeld;
			sourceTree = "<group>";
			versionGroupType = wrapper.xcdatamodel;
		};
/* End XCVersionGroup section */
	};
	rootObject = 2939ABD2233B2F3A00A6DDAD /* Project object */;
}
